// !$*UTF8*$!
{
	archiveVersion = 1;
	classes = {
	};
	objectVersion = 48;
	objects = {

/* Begin PBXBuildFile section */
		38C4641A1E0EDBE8783E2A88 /* libPods-News.a in Frameworks */ = {isa = PBXBuildFile; fileRef = 4744F419595A9252B4DE3411 /* libPods-News.a */; };
		F370A5EC2023FDF1002C9F1B /* README.md in Resources */ = {isa = PBXBuildFile; fileRef = F370A5EB2023FDF0002C9F1B /* README.md */; };
		F3A273511FFF199900DA82A8 /* AppDelegate.m in Sources */ = {isa = PBXBuildFile; fileRef = F3A273501FFF199900DA82A8 /* AppDelegate.m */; };
		F3A273541FFF199900DA82A8 /* ViewController.m in Sources */ = {isa = PBXBuildFile; fileRef = F3A273531FFF199900DA82A8 /* ViewController.m */; };
		F3A273571FFF199900DA82A8 /* Main.storyboard in Resources */ = {isa = PBXBuildFile; fileRef = F3A273551FFF199900DA82A8 /* Main.storyboard */; };
		F3A273591FFF199900DA82A8 /* Assets.xcassets in Resources */ = {isa = PBXBuildFile; fileRef = F3A273581FFF199900DA82A8 /* Assets.xcassets */; };
		F3A2735C1FFF199900DA82A8 /* LaunchScreen.storyboard in Resources */ = {isa = PBXBuildFile; fileRef = F3A2735A1FFF199900DA82A8 /* LaunchScreen.storyboard */; };
		F3A2735F1FFF199900DA82A8 /* main.m in Sources */ = {isa = PBXBuildFile; fileRef = F3A2735E1FFF199900DA82A8 /* main.m */; };
		F3A273691FFF199900DA82A8 /* NewsTests.m in Sources */ = {isa = PBXBuildFile; fileRef = F3A273681FFF199900DA82A8 /* NewsTests.m */; };
		F3A273741FFF199900DA82A8 /* NewsUITests.m in Sources */ = {isa = PBXBuildFile; fileRef = F3A273731FFF199900DA82A8 /* NewsUITests.m */; };
		F3A273831FFF248500DA82A8 /* Podfile in Resources */ = {isa = PBXBuildFile; fileRef = F3A273821FFF248500DA82A8 /* Podfile */; };
		F3A273871FFF54A000DA82A8 /* RecommendTableViewController.m in Sources */ = {isa = PBXBuildFile; fileRef = F3A273861FFF54A000DA82A8 /* RecommendTableViewController.m */; };
		F3A2738A1FFF54D300DA82A8 /* VideoTableViewController.m in Sources */ = {isa = PBXBuildFile; fileRef = F3A273891FFF54D300DA82A8 /* VideoTableViewController.m */; };
		F3A2738D1FFF54F400DA82A8 /* HotTableViewController.m in Sources */ = {isa = PBXBuildFile; fileRef = F3A2738C1FFF54F400DA82A8 /* HotTableViewController.m */; };
		F3A273901FFF552D00DA82A8 /* RecreationTableViewController.m in Sources */ = {isa = PBXBuildFile; fileRef = F3A2738F1FFF552D00DA82A8 /* RecreationTableViewController.m */; };
		F3C57391200317C800D7D03D /* TitleButton.m in Sources */ = {isa = PBXBuildFile; fileRef = F3C57390200317C800D7D03D /* TitleButton.m */; };
/* End PBXBuildFile section */

/* Begin PBXContainerItemProxy section */
		F3A273651FFF199900DA82A8 /* PBXContainerItemProxy */ = {
			isa = PBXContainerItemProxy;
			containerPortal = F3A273441FFF199900DA82A8 /* Project object */;
			proxyType = 1;
			remoteGlobalIDString = F3A2734B1FFF199900DA82A8;
			remoteInfo = News;
		};
		F3A273701FFF199900DA82A8 /* PBXContainerItemProxy */ = {
			isa = PBXContainerItemProxy;
			containerPortal = F3A273441FFF199900DA82A8 /* Project object */;
			proxyType = 1;
			remoteGlobalIDString = F3A2734B1FFF199900DA82A8;
			remoteInfo = News;
		};
/* End PBXContainerItemProxy section */

/* Begin PBXFileReference section */
		395342342AA23E186B1847CF /* Pods-News.debug.xcconfig */ = {isa = PBXFileReference; includeInIndex = 1; lastKnownFileType = text.xcconfig; name = "Pods-News.debug.xcconfig"; path = "Pods/Target Support Files/Pods-News/Pods-News.debug.xcconfig"; sourceTree = "<group>"; };
		4744F419595A9252B4DE3411 /* libPods-News.a */ = {isa = PBXFileReference; explicitFileType = archive.ar; includeInIndex = 0; path = "libPods-News.a"; sourceTree = BUILT_PRODUCTS_DIR; };
		C4A8202A58E5A54C17209C56 /* Pods-News.release.xcconfig */ = {isa = PBXFileReference; includeInIndex = 1; lastKnownFileType = text.xcconfig; name = "Pods-News.release.xcconfig"; path = "Pods/Target Support Files/Pods-News/Pods-News.release.xcconfig"; sourceTree = "<group>"; };
		F370A5EB2023FDF0002C9F1B /* README.md */ = {isa = PBXFileReference; fileEncoding = 4; lastKnownFileType = net.daringfireball.markdown; path = README.md; sourceTree = SOURCE_ROOT; };
		F3A2734C1FFF199900DA82A8 /* News.app */ = {isa = PBXFileReference; explicitFileType = wrapper.application; includeInIndex = 0; path = News.app; sourceTree = BUILT_PRODUCTS_DIR; };
		F3A2734F1FFF199900DA82A8 /* AppDelegate.h */ = {isa = PBXFileReference; lastKnownFileType = sourcecode.c.h; path = AppDelegate.h; sourceTree = "<group>"; };
		F3A273501FFF199900DA82A8 /* AppDelegate.m */ = {isa = PBXFileReference; lastKnownFileType = sourcecode.c.objc; path = AppDelegate.m; sourceTree = "<group>"; };
		F3A273521FFF199900DA82A8 /* ViewController.h */ = {isa = PBXFileReference; lastKnownFileType = sourcecode.c.h; path = ViewController.h; sourceTree = "<group>"; };
		F3A273531FFF199900DA82A8 /* ViewController.m */ = {isa = PBXFileReference; lastKnownFileType = sourcecode.c.objc; path = ViewController.m; sourceTree = "<group>"; };
		F3A273561FFF199900DA82A8 /* Base */ = {isa = PBXFileReference; lastKnownFileType = file.storyboard; name = Base; path = Base.lproj/Main.storyboard; sourceTree = "<group>"; };
		F3A273581FFF199900DA82A8 /* Assets.xcassets */ = {isa = PBXFileReference; lastKnownFileType = folder.assetcatalog; path = Assets.xcassets; sourceTree = "<group>"; };
		F3A2735B1FFF199900DA82A8 /* Base */ = {isa = PBXFileReference; lastKnownFileType = file.storyboard; name = Base; path = Base.lproj/LaunchScreen.storyboard; sourceTree = "<group>"; };
		F3A2735D1FFF199900DA82A8 /* Info.plist */ = {isa = PBXFileReference; lastKnownFileType = text.plist.xml; path = Info.plist; sourceTree = "<group>"; };
		F3A2735E1FFF199900DA82A8 /* main.m */ = {isa = PBXFileReference; lastKnownFileType = sourcecode.c.objc; path = main.m; sourceTree = "<group>"; };
		F3A273641FFF199900DA82A8 /* NewsTests.xctest */ = {isa = PBXFileReference; explicitFileType = wrapper.cfbundle; includeInIndex = 0; path = NewsTests.xctest; sourceTree = BUILT_PRODUCTS_DIR; };
		F3A273681FFF199900DA82A8 /* NewsTests.m */ = {isa = PBXFileReference; lastKnownFileType = sourcecode.c.objc; path = NewsTests.m; sourceTree = "<group>"; };
		F3A2736A1FFF199900DA82A8 /* Info.plist */ = {isa = PBXFileReference; lastKnownFileType = text.plist.xml; path = Info.plist; sourceTree = "<group>"; };
		F3A2736F1FFF199900DA82A8 /* NewsUITests.xctest */ = {isa = PBXFileReference; explicitFileType = wrapper.cfbundle; includeInIndex = 0; path = NewsUITests.xctest; sourceTree = BUILT_PRODUCTS_DIR; };
		F3A273731FFF199900DA82A8 /* NewsUITests.m */ = {isa = PBXFileReference; lastKnownFileType = sourcecode.c.objc; path = NewsUITests.m; sourceTree = "<group>"; };
		F3A273751FFF199900DA82A8 /* Info.plist */ = {isa = PBXFileReference; lastKnownFileType = text.plist.xml; path = Info.plist; sourceTree = "<group>"; };
		F3A273821FFF248500DA82A8 /* Podfile */ = {isa = PBXFileReference; fileEncoding = 4; lastKnownFileType = text; path = Podfile; sourceTree = "<group>"; xcLanguageSpecificationIdentifier = xcode.lang.ruby; };
		F3A273851FFF54A000DA82A8 /* RecommendTableViewController.h */ = {isa = PBXFileReference; lastKnownFileType = sourcecode.c.h; path = RecommendTableViewController.h; sourceTree = "<group>"; };
		F3A273861FFF54A000DA82A8 /* RecommendTableViewController.m */ = {isa = PBXFileReference; lastKnownFileType = sourcecode.c.objc; path = RecommendTableViewController.m; sourceTree = "<group>"; };
		F3A273881FFF54D300DA82A8 /* VideoTableViewController.h */ = {isa = PBXFileReference; lastKnownFileType = sourcecode.c.h; path = VideoTableViewController.h; sourceTree = "<group>"; };
		F3A273891FFF54D300DA82A8 /* VideoTableViewController.m */ = {isa = PBXFileReference; lastKnownFileType = sourcecode.c.objc; path = VideoTableViewController.m; sourceTree = "<group>"; };
		F3A2738B1FFF54F400DA82A8 /* HotTableViewController.h */ = {isa = PBXFileReference; lastKnownFileType = sourcecode.c.h; path = HotTableViewController.h; sourceTree = "<group>"; };
		F3A2738C1FFF54F400DA82A8 /* HotTableViewController.m */ = {isa = PBXFileReference; lastKnownFileType = sourcecode.c.objc; path = HotTableViewController.m; sourceTree = "<group>"; };
		F3A2738E1FFF552D00DA82A8 /* RecreationTableViewController.h */ = {isa = PBXFileReference; lastKnownFileType = sourcecode.c.h; path = RecreationTableViewController.h; sourceTree = "<group>"; };
		F3A2738F1FFF552D00DA82A8 /* RecreationTableViewController.m */ = {isa = PBXFileReference; lastKnownFileType = sourcecode.c.objc; path = RecreationTableViewController.m; sourceTree = "<group>"; };
		F3C5738F200317C800D7D03D /* TitleButton.h */ = {isa = PBXFileReference; lastKnownFileType = sourcecode.c.h; path = TitleButton.h; sourceTree = "<group>"; };
		F3C57390200317C800D7D03D /* TitleButton.m */ = {isa = PBXFileReference; lastKnownFileType = sourcecode.c.objc; path = TitleButton.m; sourceTree = "<group>"; };
/* End PBXFileReference section */

/* Begin PBXFrameworksBuildPhase section */
		F3A273491FFF199900DA82A8 /* Frameworks */ = {
			isa = PBXFrameworksBuildPhase;
			buildActionMask = 2147483647;
			files = (
				38C4641A1E0EDBE8783E2A88 /* libPods-News.a in Frameworks */,
			);
			runOnlyForDeploymentPostprocessing = 0;
		};
		F3A273611FFF199900DA82A8 /* Frameworks */ = {
			isa = PBXFrameworksBuildPhase;
			buildActionMask = 2147483647;
			files = (
			);
			runOnlyForDeploymentPostprocessing = 0;
		};
		F3A2736C1FFF199900DA82A8 /* Frameworks */ = {
			isa = PBXFrameworksBuildPhase;
			buildActionMask = 2147483647;
			files = (
			);
			runOnlyForDeploymentPostprocessing = 0;
		};
/* End PBXFrameworksBuildPhase section */

/* Begin PBXGroup section */
		84CBF6F9DAD47DE29CE20159 /* Frameworks */ = {
			isa = PBXGroup;
			children = (
				4744F419595A9252B4DE3411 /* libPods-News.a */,
			);
			name = Frameworks;
			sourceTree = "<group>";
		};
		F3A273431FFF199900DA82A8 = {
			isa = PBXGroup;
			children = (
				F3A2734E1FFF199900DA82A8 /* News */,
				F3A273671FFF199900DA82A8 /* NewsTests */,
				F3A273721FFF199900DA82A8 /* NewsUITests */,
				F3A2734D1FFF199900DA82A8 /* Products */,
				F3A273821FFF248500DA82A8 /* Podfile */,
				F54F0F994243767F192A85B0 /* Pods */,
				84CBF6F9DAD47DE29CE20159 /* Frameworks */,
			);
			sourceTree = "<group>";
		};
		F3A2734D1FFF199900DA82A8 /* Products */ = {
			isa = PBXGroup;
			children = (
				F3A2734C1FFF199900DA82A8 /* News.app */,
				F3A273641FFF199900DA82A8 /* NewsTests.xctest */,
				F3A2736F1FFF199900DA82A8 /* NewsUITests.xctest */,
			);
			name = Products;
			sourceTree = "<group>";
		};
		F3A2734E1FFF199900DA82A8 /* News */ = {
			isa = PBXGroup;
			children = (
				F3A273841FFF544500DA82A8 /* ChildControllers */,
				F3A2734F1FFF199900DA82A8 /* AppDelegate.h */,
				F3A273501FFF199900DA82A8 /* AppDelegate.m */,
				F3A273521FFF199900DA82A8 /* ViewController.h */,
				F3A273531FFF199900DA82A8 /* ViewController.m */,
				F3A273551FFF199900DA82A8 /* Main.storyboard */,
				F3A273581FFF199900DA82A8 /* Assets.xcassets */,
				F3A2735A1FFF199900DA82A8 /* LaunchScreen.storyboard */,
				F3A2735D1FFF199900DA82A8 /* Info.plist */,
				F3A2735E1FFF199900DA82A8 /* main.m */,
				F3C5738F200317C800D7D03D /* TitleButton.h */,
				F3C57390200317C800D7D03D /* TitleButton.m */,
				F370A5EB2023FDF0002C9F1B /* README.md */,
			);
			path = News;
			sourceTree = "<group>";
		};
		F3A273671FFF199900DA82A8 /* NewsTests */ = {
			isa = PBXGroup;
			children = (
				F3A273681FFF199900DA82A8 /* NewsTests.m */,
				F3A2736A1FFF199900DA82A8 /* Info.plist */,
			);
			path = NewsTests;
			sourceTree = "<group>";
		};
		F3A273721FFF199900DA82A8 /* NewsUITests */ = {
			isa = PBXGroup;
			children = (
				F3A273731FFF199900DA82A8 /* NewsUITests.m */,
				F3A273751FFF199900DA82A8 /* Info.plist */,
			);
			path = NewsUITests;
			sourceTree = "<group>";
		};
		F3A273841FFF544500DA82A8 /* ChildControllers */ = {
			isa = PBXGroup;
			children = (
				F3A273851FFF54A000DA82A8 /* RecommendTableViewController.h */,
				F3A273861FFF54A000DA82A8 /* RecommendTableViewController.m */,
				F3A273881FFF54D300DA82A8 /* VideoTableViewController.h */,
				F3A273891FFF54D300DA82A8 /* VideoTableViewController.m */,
				F3A2738B1FFF54F400DA82A8 /* HotTableViewController.h */,
				F3A2738C1FFF54F400DA82A8 /* HotTableViewController.m */,
				F3A2738E1FFF552D00DA82A8 /* RecreationTableViewController.h */,
				F3A2738F1FFF552D00DA82A8 /* RecreationTableViewController.m */,
			);
			path = ChildControllers;
			sourceTree = "<group>";
		};
		F54F0F994243767F192A85B0 /* Pods */ = {
			isa = PBXGroup;
			children = (
				395342342AA23E186B1847CF /* Pods-News.debug.xcconfig */,
				C4A8202A58E5A54C17209C56 /* Pods-News.release.xcconfig */,
			);
			name = Pods;
			sourceTree = "<group>";
		};
/* End PBXGroup section */

/* Begin PBXNativeTarget section */
		F3A2734B1FFF199900DA82A8 /* News */ = {
			isa = PBXNativeTarget;
			buildConfigurationList = F3A273781FFF199900DA82A8 /* Build configuration list for PBXNativeTarget "News" */;
			buildPhases = (
				FB9A4B34456C6D194DD9C8E3 /* [CP] Check Pods Manifest.lock */,
				F3A273481FFF199900DA82A8 /* Sources */,
				F3A273491FFF199900DA82A8 /* Frameworks */,
				F3A2734A1FFF199900DA82A8 /* Resources */,
				5D80A7CB727C03D29C0E343F /* [CP] Embed Pods Frameworks */,
				CF4F9376F68A537CE5C078C2 /* [CP] Copy Pods Resources */,
			);
			buildRules = (
			);
			dependencies = (
			);
			name = News;
			productName = News;
			productReference = F3A2734C1FFF199900DA82A8 /* News.app */;
			productType = "com.apple.product-type.application";
		};
		F3A273631FFF199900DA82A8 /* NewsTests */ = {
			isa = PBXNativeTarget;
			buildConfigurationList = F3A2737B1FFF199900DA82A8 /* Build configuration list for PBXNativeTarget "NewsTests" */;
			buildPhases = (
				F3A273601FFF199900DA82A8 /* Sources */,
				F3A273611FFF199900DA82A8 /* Frameworks */,
				F3A273621FFF199900DA82A8 /* Resources */,
			);
			buildRules = (
			);
			dependencies = (
				F3A273661FFF199900DA82A8 /* PBXTargetDependency */,
			);
			name = NewsTests;
			productName = NewsTests;
			productReference = F3A273641FFF199900DA82A8 /* NewsTests.xctest */;
			productType = "com.apple.product-type.bundle.unit-test";
		};
		F3A2736E1FFF199900DA82A8 /* NewsUITests */ = {
			isa = PBXNativeTarget;
			buildConfigurationList = F3A2737E1FFF199900DA82A8 /* Build configuration list for PBXNativeTarget "NewsUITests" */;
			buildPhases = (
				F3A2736B1FFF199900DA82A8 /* Sources */,
				F3A2736C1FFF199900DA82A8 /* Frameworks */,
				F3A2736D1FFF199900DA82A8 /* Resources */,
			);
			buildRules = (
			);
			dependencies = (
				F3A273711FFF199900DA82A8 /* PBXTargetDependency */,
			);
			name = NewsUITests;
			productName = NewsUITests;
			productReference = F3A2736F1FFF199900DA82A8 /* NewsUITests.xctest */;
			productType = "com.apple.product-type.bundle.ui-testing";
		};
/* End PBXNativeTarget section */

/* Begin PBXProject section */
		F3A273441FFF199900DA82A8 /* Project object */ = {
			isa = PBXProject;
			attributes = {
				LastUpgradeCheck = 0910;
				ORGANIZATIONNAME = linchl;
				TargetAttributes = {
					F3A2734B1FFF199900DA82A8 = {
						CreatedOnToolsVersion = 9.1;
						ProvisioningStyle = Automatic;
					};
					F3A273631FFF199900DA82A8 = {
						CreatedOnToolsVersion = 9.1;
						ProvisioningStyle = Automatic;
						TestTargetID = F3A2734B1FFF199900DA82A8;
					};
					F3A2736E1FFF199900DA82A8 = {
						CreatedOnToolsVersion = 9.1;
						ProvisioningStyle = Automatic;
						TestTargetID = F3A2734B1FFF199900DA82A8;
					};
				};
			};
			buildConfigurationList = F3A273471FFF199900DA82A8 /* Build configuration list for PBXProject "News" */;
			compatibilityVersion = "Xcode 8.0";
			developmentRegion = en;
			hasScannedForEncodings = 0;
			knownRegions = (
				en,
				Base,
			);
			mainGroup = F3A273431FFF199900DA82A8;
			productRefGroup = F3A2734D1FFF199900DA82A8 /* Products */;
			projectDirPath = "";
			projectRoot = "";
			targets = (
				F3A2734B1FFF199900DA82A8 /* News */,
				F3A273631FFF199900DA82A8 /* NewsTests */,
				F3A2736E1FFF199900DA82A8 /* NewsUITests */,
			);
		};
/* End PBXProject section */

/* Begin PBXResourcesBuildPhase section */
		F3A2734A1FFF199900DA82A8 /* Resources */ = {
			isa = PBXResourcesBuildPhase;
			buildActionMask = 2147483647;
			files = (
				F3A2735C1FFF199900DA82A8 /* LaunchScreen.storyboard in Resources */,
				F3A273591FFF199900DA82A8 /* Assets.xcassets in Resources */,
				F370A5EC2023FDF1002C9F1B /* README.md in Resources */,
				F3A273831FFF248500DA82A8 /* Podfile in Resources */,
				F3A273571FFF199900DA82A8 /* Main.storyboard in Resources */,
			);
			runOnlyForDeploymentPostprocessing = 0;
		};
		F3A273621FFF199900DA82A8 /* Resources */ = {
			isa = PBXResourcesBuildPhase;
			buildActionMask = 2147483647;
			files = (
			);
			runOnlyForDeploymentPostprocessing = 0;
		};
		F3A2736D1FFF199900DA82A8 /* Resources */ = {
			isa = PBXResourcesBuildPhase;
			buildActionMask = 2147483647;
			files = (
			);
			runOnlyForDeploymentPostprocessing = 0;
		};
/* End PBXResourcesBuildPhase section */

/* Begin PBXShellScriptBuildPhase section */
		5D80A7CB727C03D29C0E343F /* [CP] Embed Pods Frameworks */ = {
			isa = PBXShellScriptBuildPhase;
			buildActionMask = 2147483647;
			files = (
			);
			inputPaths = (
			);
			name = "[CP] Embed Pods Frameworks";
			outputPaths = (
			);
			runOnlyForDeploymentPostprocessing = 0;
			shellPath = /bin/sh;
			shellScript = "\"${SRCROOT}/Pods/Target Support Files/Pods-News/Pods-News-frameworks.sh\"\n";
			showEnvVarsInLog = 0;
		};
		CF4F9376F68A537CE5C078C2 /* [CP] Copy Pods Resources */ = {
			isa = PBXShellScriptBuildPhase;
			buildActionMask = 2147483647;
			files = (
			);
			inputPaths = (
			);
			name = "[CP] Copy Pods Resources";
			outputPaths = (
			);
			runOnlyForDeploymentPostprocessing = 0;
			shellPath = /bin/sh;
			shellScript = "\"${SRCROOT}/Pods/Target Support Files/Pods-News/Pods-News-resources.sh\"\n";
			showEnvVarsInLog = 0;
		};
		FB9A4B34456C6D194DD9C8E3 /* [CP] Check Pods Manifest.lock */ = {
			isa = PBXShellScriptBuildPhase;
			buildActionMask = 2147483647;
			files = (
			);
			inputPaths = (
			);
			name = "[CP] Check Pods Manifest.lock";
			outputPaths = (
			);
			runOnlyForDeploymentPostprocessing = 0;
			shellPath = /bin/sh;
			shellScript = "diff \"${PODS_PODFILE_DIR_PATH}/Podfile.lock\" \"${PODS_ROOT}/Manifest.lock\" > /dev/null\nif [ $? != 0 ] ; then\n    # print error to STDERR\n    echo \"error: The sandbox is not in sync with the Podfile.lock. Run 'pod install' or update your CocoaPods installation.\" >&2\n    exit 1\nfi\n";
			showEnvVarsInLog = 0;
		};
/* End PBXShellScriptBuildPhase section */

/* Begin PBXSourcesBuildPhase section */
		F3A273481FFF199900DA82A8 /* Sources */ = {
			isa = PBXSourcesBuildPhase;
			buildActionMask = 2147483647;
			files = (
				F3A273541FFF199900DA82A8 /* ViewController.m in Sources */,
				F3A2738A1FFF54D300DA82A8 /* VideoTableViewController.m in Sources */,
				F3A2735F1FFF199900DA82A8 /* main.m in Sources */,
				F3A273901FFF552D00DA82A8 /* RecreationTableViewController.m in Sources */,
				F3A273871FFF54A000DA82A8 /* RecommendTableViewController.m in Sources */,
				F3A273511FFF199900DA82A8 /* AppDelegate.m in Sources */,
				F3C57391200317C800D7D03D /* TitleButton.m in Sources */,
				F3A2738D1FFF54F400DA82A8 /* HotTableViewController.m in Sources */,
			);
			runOnlyForDeploymentPostprocessing = 0;
		};
		F3A273601FFF199900DA82A8 /* Sources */ = {
			isa = PBXSourcesBuildPhase;
			buildActionMask = 2147483647;
			files = (
				F3A273691FFF199900DA82A8 /* NewsTests.m in Sources */,
			);
			runOnlyForDeploymentPostprocessing = 0;
		};
		F3A2736B1FFF199900DA82A8 /* Sources */ = {
			isa = PBXSourcesBuildPhase;
			buildActionMask = 2147483647;
			files = (
				F3A273741FFF199900DA82A8 /* NewsUITests.m in Sources */,
			);
			runOnlyForDeploymentPostprocessing = 0;
		};
/* End PBXSourcesBuildPhase section */

/* Begin PBXTargetDependency section */
		F3A273661FFF199900DA82A8 /* PBXTargetDependency */ = {
			isa = PBXTargetDependency;
			target = F3A2734B1FFF199900DA82A8 /* News */;
			targetProxy = F3A273651FFF199900DA82A8 /* PBXContainerItemProxy */;
		};
		F3A273711FFF199900DA82A8 /* PBXTargetDependency */ = {
			isa = PBXTargetDependency;
			target = F3A2734B1FFF199900DA82A8 /* News */;
			targetProxy = F3A273701FFF199900DA82A8 /* PBXContainerItemProxy */;
		};
/* End PBXTargetDependency section */

/* Begin PBXVariantGroup section */
		F3A273551FFF199900DA82A8 /* Main.storyboard */ = {
			isa = PBXVariantGroup;
			children = (
				F3A273561FFF199900DA82A8 /* Base */,
			);
			name = Main.storyboard;
			sourceTree = "<group>";
		};
		F3A2735A1FFF199900DA82A8 /* LaunchScreen.storyboard */ = {
			isa = PBXVariantGroup;
			children = (
				F3A2735B1FFF199900DA82A8 /* Base */,
			);
			name = LaunchScreen.storyboard;
			sourceTree = "<group>";
		};
/* End PBXVariantGroup section */

/* Begin XCBuildConfiguration section */
		F3A273761FFF199900DA82A8 /* Debug */ = {
			isa = XCBuildConfiguration;
			buildSettings = {
				ALWAYS_SEARCH_USER_PATHS = NO;
				CLANG_ANALYZER_NONNULL = YES;
				CLANG_ANALYZER_NUMBER_OBJECT_CONVERSION = YES_AGGRESSIVE;
				CLANG_CXX_LANGUAGE_STANDARD = "gnu++14";
				CLANG_CXX_LIBRARY = "libc++";
				CLANG_ENABLE_MODULES = YES;
				CLANG_ENABLE_OBJC_ARC = YES;
				CLANG_WARN_BLOCK_CAPTURE_AUTORELEASING = YES;
				CLANG_WARN_BOOL_CONVERSION = YES;
				CLANG_WARN_COMMA = YES;
				CLANG_WARN_CONSTANT_CONVERSION = YES;
				CLANG_WARN_DIRECT_OBJC_ISA_USAGE = YES_ERROR;
				CLANG_WARN_DOCUMENTATION_COMMENTS = YES;
				CLANG_WARN_EMPTY_BODY = YES;
				CLANG_WARN_ENUM_CONVERSION = YES;
				CLANG_WARN_INFINITE_RECURSION = YES;
				CLANG_WARN_INT_CONVERSION = YES;
				CLANG_WARN_NON_LITERAL_NULL_CONVERSION = YES;
				CLANG_WARN_OBJC_LITERAL_CONVERSION = YES;
				CLANG_WARN_OBJC_ROOT_CLASS = YES_ERROR;
				CLANG_WARN_RANGE_LOOP_ANALYSIS = YES;
				CLANG_WARN_STRICT_PROTOTYPES = YES;
				CLANG_WARN_SUSPICIOUS_MOVE = YES;
				CLANG_WARN_UNGUARDED_AVAILABILITY = YES_AGGRESSIVE;
				CLANG_WARN_UNREACHABLE_CODE = YES;
				CLANG_WARN__DUPLICATE_METHOD_MATCH = YES;
				CODE_SIGN_IDENTITY = "iPhone Developer";
				COPY_PHASE_STRIP = NO;
				DEBUG_INFORMATION_FORMAT = dwarf;
				ENABLE_STRICT_OBJC_MSGSEND = YES;
				ENABLE_TESTABILITY = YES;
				GCC_C_LANGUAGE_STANDARD = gnu11;
				GCC_DYNAMIC_NO_PIC = NO;
				GCC_NO_COMMON_BLOCKS = YES;
				GCC_OPTIMIZATION_LEVEL = 0;
				GCC_PREPROCESSOR_DEFINITIONS = (
					"DEBUG=1",
					"$(inherited)",
				);
				GCC_WARN_64_TO_32_BIT_CONVERSION = YES;
				GCC_WARN_ABOUT_RETURN_TYPE = YES_ERROR;
				GCC_WARN_UNDECLARED_SELECTOR = YES;
				GCC_WARN_UNINITIALIZED_AUTOS = YES_AGGRESSIVE;
				GCC_WARN_UNUSED_FUNCTION = YES;
				GCC_WARN_UNUSED_VARIABLE = YES;
				IPHONEOS_DEPLOYMENT_TARGET = 11.1;
				MTL_ENABLE_DEBUG_INFO = YES;
				ONLY_ACTIVE_ARCH = YES;
				SDKROOT = iphoneos;
			};
			name = Debug;
		};
		F3A273771FFF199900DA82A8 /* Release */ = {
			isa = XCBuildConfiguration;
			buildSettings = {
				ALWAYS_SEARCH_USER_PATHS = NO;
				CLANG_ANALYZER_NONNULL = YES;
				CLANG_ANALYZER_NUMBER_OBJECT_CONVERSION = YES_AGGRESSIVE;
				CLANG_CXX_LANGUAGE_STANDARD = "gnu++14";
				CLANG_CXX_LIBRARY = "libc++";
				CLANG_ENABLE_MODULES = YES;
				CLANG_ENABLE_OBJC_ARC = YES;
				CLANG_WARN_BLOCK_CAPTURE_AUTORELEASING = YES;
				CLANG_WARN_BOOL_CONVERSION = YES;
				CLANG_WARN_COMMA = YES;
				CLANG_WARN_CONSTANT_CONVERSION = YES;
				CLANG_WARN_DIRECT_OBJC_ISA_USAGE = YES_ERROR;
				CLANG_WARN_DOCUMENTATION_COMMENTS = YES;
				CLANG_WARN_EMPTY_BODY = YES;
				CLANG_WARN_ENUM_CONVERSION = YES;
				CLANG_WARN_INFINITE_RECURSION = YES;
				CLANG_WARN_INT_CONVERSION = YES;
				CLANG_WARN_NON_LITERAL_NULL_CONVERSION = YES;
				CLANG_WARN_OBJC_LITERAL_CONVERSION = YES;
				CLANG_WARN_OBJC_ROOT_CLASS = YES_ERROR;
				CLANG_WARN_RANGE_LOOP_ANALYSIS = YES;
				CLANG_WARN_STRICT_PROTOTYPES = YES;
				CLANG_WARN_SUSPICIOUS_MOVE = YES;
				CLANG_WARN_UNGUARDED_AVAILABILITY = YES_AGGRESSIVE;
				CLANG_WARN_UNREACHABLE_CODE = YES;
				CLANG_WARN__DUPLICATE_METHOD_MATCH = YES;
				CODE_SIGN_IDENTITY = "iPhone Developer";
				COPY_PHASE_STRIP = NO;
				DEBUG_INFORMATION_FORMAT = "dwarf-with-dsym";
				ENABLE_NS_ASSERTIONS = NO;
				ENABLE_STRICT_OBJC_MSGSEND = YES;
				GCC_C_LANGUAGE_STANDARD = gnu11;
				GCC_NO_COMMON_BLOCKS = YES;
				GCC_WARN_64_TO_32_BIT_CONVERSION = YES;
				GCC_WARN_ABOUT_RETURN_TYPE = YES_ERROR;
				GCC_WARN_UNDECLARED_SELECTOR = YES;
				GCC_WARN_UNINITIALIZED_AUTOS = YES_AGGRESSIVE;
				GCC_WARN_UNUSED_FUNCTION = YES;
				GCC_WARN_UNUSED_VARIABLE = YES;
				IPHONEOS_DEPLOYMENT_TARGET = 11.1;
				MTL_ENABLE_DEBUG_INFO = NO;
				SDKROOT = iphoneos;
				VALIDATE_PRODUCT = YES;
			};
			name = Release;
		};
		F3A273791FFF199900DA82A8 /* Debug */ = {
			isa = XCBuildConfiguration;
			baseConfigurationReference = 395342342AA23E186B1847CF /* Pods-News.debug.xcconfig */;
			buildSettings = {
				ASSETCATALOG_COMPILER_APPICON_NAME = AppIcon;
				CODE_SIGN_STYLE = Automatic;
				DEVELOPMENT_TEAM = V2CUZHKARW;
				INFOPLIST_FILE = News/Info.plist;
				IPHONEOS_DEPLOYMENT_TARGET = 8.0;
				LD_RUNPATH_SEARCH_PATHS = "$(inherited) @executable_path/Frameworks";
				PRODUCT_BUNDLE_IDENTIFIER = com.youdao.News;
				PRODUCT_NAME = "$(TARGET_NAME)";
				TARGETED_DEVICE_FAMILY = "1,2";
			};
			name = Debug;
		};
		F3A2737A1FFF199900DA82A8 /* Release */ = {
			isa = XCBuildConfiguration;
			baseConfigurationReference = C4A8202A58E5A54C17209C56 /* Pods-News.release.xcconfig */;
			buildSettings = {
				ASSETCATALOG_COMPILER_APPICON_NAME = AppIcon;
				CODE_SIGN_STYLE = Automatic;
				DEVELOPMENT_TEAM = V2CUZHKARW;
				INFOPLIST_FILE = News/Info.plist;
				IPHONEOS_DEPLOYMENT_TARGET = 8.0;
				LD_RUNPATH_SEARCH_PATHS = "$(inherited) @executable_path/Frameworks";
				PRODUCT_BUNDLE_IDENTIFIER = com.youdao.News;
				PRODUCT_NAME = "$(TARGET_NAME)";
				TARGETED_DEVICE_FAMILY = "1,2";
			};
			name = Release;
		};
		F3A2737C1FFF199900DA82A8 /* Debug */ = {
			isa = XCBuildConfiguration;
			buildSettings = {
				BUNDLE_LOADER = "$(TEST_HOST)";
				CODE_SIGN_STYLE = Automatic;
				DEVELOPMENT_TEAM = V2CUZHKARW;
				INFOPLIST_FILE = NewsTests/Info.plist;
				LD_RUNPATH_SEARCH_PATHS = "$(inherited) @executable_path/Frameworks @loader_path/Frameworks";
				PRODUCT_BUNDLE_IDENTIFIER = com.youdao.NewsTests;
				PRODUCT_NAME = "$(TARGET_NAME)";
				TARGETED_DEVICE_FAMILY = "1,2";
				TEST_HOST = "$(BUILT_PRODUCTS_DIR)/News.app/News";
			};
			name = Debug;
		};
		F3A2737D1FFF199900DA82A8 /* Release */ = {
			isa = XCBuildConfiguration;
			buildSettings = {
				BUNDLE_LOADER = "$(TEST_HOST)";
				CODE_SIGN_STYLE = Automatic;
				DEVELOPMENT_TEAM = V2CUZHKARW;
				INFOPLIST_FILE = NewsTests/Info.plist;
				LD_RUNPATH_SEARCH_PATHS = "$(inherited) @executable_path/Frameworks @loader_path/Frameworks";
				PRODUCT_BUNDLE_IDENTIFIER = com.youdao.NewsTests;
				PRODUCT_NAME = "$(TARGET_NAME)";
				TARGETED_DEVICE_FAMILY = "1,2";
				TEST_HOST = "$(BUILT_PRODUCTS_DIR)/News.app/News";
			};
			name = Release;
		};
		F3A2737F1FFF199900DA82A8 /* Debug */ = {
			isa = XCBuildConfiguration;
			buildSettings = {
				CODE_SIGN_STYLE = Automatic;
				DEVELOPMENT_TEAM = V2CUZHKARW;
				INFOPLIST_FILE = NewsUITests/Info.plist;
				LD_RUNPATH_SEARCH_PATHS = "$(inherited) @executable_path/Frameworks @loader_path/Frameworks";
				PRODUCT_BUNDLE_IDENTIFIER = com.youdao.NewsUITests;
				PRODUCT_NAME = "$(TARGET_NAME)";
				TARGETED_DEVICE_FAMILY = "1,2";
				TEST_TARGET_NAME = News;
			};
			name = Debug;
		};
		F3A273801FFF199900DA82A8 /* Release */ = {
			isa = XCBuildConfiguration;
			buildSettings = {
				CODE_SIGN_STYLE = Automatic;
				DEVELOPMENT_TEAM = V2CUZHKARW;
				INFOPLIST_FILE = NewsUITests/Info.plist;
				LD_RUNPATH_SEARCH_PATHS = "$(inherited) @executable_path/Frameworks @loader_path/Frameworks";
				PRODUCT_BUNDLE_IDENTIFIER = com.youdao.NewsUITests;
				PRODUCT_NAME = "$(TARGET_NAME)";
				TARGETED_DEVICE_FAMILY = "1,2";
				TEST_TARGET_NAME = News;
			};
			name = Release;
		};
/* End XCBuildConfiguration section */

/* Begin XCConfigurationList section */
		F3A273471FFF199900DA82A8 /* Build configuration list for PBXProject "News" */ = {
			isa = XCConfigurationList;
			buildConfigurations = (
				F3A273761FFF199900DA82A8 /* Debug */,
				F3A273771FFF199900DA82A8 /* Release */,
			);
			defaultConfigurationIsVisible = 0;
			defaultConfigurationName = Release;
		};
		F3A273781FFF199900DA82A8 /* Build configuration list for PBXNativeTarget "News" */ = {
			isa = XCConfigurationList;
			buildConfigurations = (
				F3A273791FFF199900DA82A8 /* Debug */,
				F3A2737A1FFF199900DA82A8 /* Release */,
			);
			defaultConfigurationIsVisible = 0;
			defaultConfigurationName = Release;
		};
		F3A2737B1FFF199900DA82A8 /* Build configuration list for PBXNativeTarget "NewsTests" */ = {
			isa = XCConfigurationList;
			buildConfigurations = (
				F3A2737C1FFF199900DA82A8 /* Debug */,
				F3A2737D1FFF199900DA82A8 /* Release */,
			);
			defaultConfigurationIsVisible = 0;
			defaultConfigurationName = Release;
		};
		F3A2737E1FFF199900DA82A8 /* Build configuration list for PBXNativeTarget "NewsUITests" */ = {
			isa = XCConfigurationList;
			buildConfigurations = (
				F3A2737F1FFF199900DA82A8 /* Debug */,
				F3A273801FFF199900DA82A8 /* Release */,
			);
			defaultConfigurationIsVisible = 0;
			defaultConfigurationName = Release;
		};
/* End XCConfigurationList section */
	};
	rootObject = F3A273441FFF199900DA82A8 /* Project object */;
}
